
Microsoft Visual Studio Solution File, Format Version 12.00
# Visual Studio Version 17
VisualStudioVersion = 17.5.002.0
MinimumVisualStudioVersion = 10.0.40219.1
Project("{2150E333-8FDC-42A3-9474-1A3956D46DE8}") = "scripts", "scripts", "{FE91B3C2-1D04-426F-8C04-2AA28D680C2D}"
EndProject
Project("{2150E333-8FDC-42A3-9474-1A3956D46DE8}") = "data-processors", "data-processors", "{9503C5BE-FC5E-49E7-A60E-AA38254A235E}"
EndProject
Project("{9A19103F-16F7-4668-BE54-9A1E7A4F7556}") = "script", "scripts\data-processors\dateEpNumZipper\script.csproj", "{C66DBE48-9ECF-4F68-A25A-8AFF6DE7A74C}"
EndProject
Project("{9A19103F-16F7-4668-BE54-9A1E7A4F7556}") = "script (1)", "scripts\data-processors\hallOfRecords\script.csproj", "{6D279E31-0A11-4DAE-A5DC-25489C17A614}"
EndProject
Project("{9A19103F-16F7-4668-BE54-9A1E7A4F7556}") = "script (2)", "scripts\data-processors\redditWiki\script.csproj", "{88DFB2A1-5579-4439-9EC8-7674916F0D1E}"
EndProject
Project("{9A19103F-16F7-4668-BE54-9A1E7A4F7556}") = "script (3)", "scripts\data-processors\theTvDb\script.csproj", "{382EDEF5-4B9D-4C8B-AAC0-9EE37379FEBB}"
EndProject
Project("{9A19103F-16F7-4668-BE54-9A1E7A4F7556}") = "script (4)", "scripts\data-processors\tidyRss\script.csproj", "{6EFE8C90-9075-443B-9B87-D09C07E8B899}"
EndProject
Project("{9A19103F-16F7-4668-BE54-9A1E7A4F7556}") = "script (5)", "scripts\data-processors\videoPostDates\script.csproj", "{52E9189B-6E14-4943-8DB8-DB25748D4B31}"
EndProject
Project("{9A19103F-16F7-4668-BE54-9A1E7A4F7556}") = "script (6)", "scripts\data-processors\vttKeywordExtractor\script.csproj", "{C97A3643-18D7-4D42-81E4-DC611F67A136}"
EndProject
Project("{2150E333-8FDC-42A3-9474-1A3956D46DE8}") = "data-scrapers", "data-scrapers", "{4922A418-0736-458F-9B0A-056CFA8DFA40}"
EndProject
Project("{9A19103F-16F7-4668-BE54-9A1E7A4F7556}") = "script", "scripts\data-scrapers\dotComScraper\script.csproj", "{90CEDC07-7E7C-4BF7-A0AF-00D33424C48B}"
EndProject
Project("{9A19103F-16F7-4668-BE54-9A1E7A4F7556}") = "script (1)", "scripts\data-scrapers\harmoncity\script.csproj", "{59FAA56A-5FA8-434B-AC17-6D4DC42E4277}"
EndProject
Project("{9A19103F-16F7-4668-BE54-9A1E7A4F7556}") = "script (2)", "scripts\data-scrapers\harmondev\script.csproj", "{788618C6-4506-4F3C-955D-7947E9ED8CD3}"
EndProject
Project("{9A19103F-16F7-4668-BE54-9A1E7A4F7556}") = "script (3)", "scripts\data-scrapers\podcastDynamite\script.csproj", "{C679C70D-C3FD-4A6C-BF49-E21FBFAF280F}"
EndProject
Project("{2150E333-8FDC-42A3-9474-1A3956D46DE8}") = "site-tools", "site-tools", "{209DBDE1-1871-41EA-91AF-128CFE57F658}"
EndProject
Project("{9A19103F-16F7-4668-BE54-9A1E7A4F7556}") = "script", "scripts\site-tools\chronology\script.csproj", "{EAD152AE-A99D-4C98-97BC-0D2847518207}"
EndProject
Project("{9A19103F-16F7-4668-BE54-9A1E7A4F7556}") = "script (1)", "scripts\site-tools\epGen\script.csproj", "{2506327D-A488-4D88-8728-0706325A2683}"
EndProject
Project("{9A19103F-16F7-4668-BE54-9A1E7A4F7556}") = "script (2)", "scripts\site-tools\playlister\script.csproj", "{66FB953C-3DFA-4C9B-BB3A-A9C3BC14A5D0}"
EndProject
Project("{9A19103F-16F7-4668-BE54-9A1E7A4F7556}") = "script (3)", "scripts\site-tools\screenshotter\script.csproj", "{3891AFCB-5EDF-4605-90D5-E70E6A0DEFB3}"
EndProject
Project("{2150E333-8FDC-42A3-9474-1A3956D46DE8}") = "podcastDynamite", "podcastDynamite", "{05C84CE6-0A28-4FBD-9265-4621724DE46E}"
EndProject
Project("{9A19103F-16F7-4668-BE54-9A1E7A4F7556}") = "script", "scripts\data-processors\podcastDynamite\people\script.csproj", "{388F495C-D015-4258-B1DC-AE8F31EDDF8E}"
EndProject
Global
	GlobalSection(SolutionConfigurationPlatforms) = preSolution
		Debug|Any CPU = Debug|Any CPU
		Release|Any CPU = Release|Any CPU
	EndGlobalSection
	GlobalSection(ProjectConfigurationPlatforms) = postSolution
		{C66DBE48-9ECF-4F68-A25A-8AFF6DE7A74C}.Debug|Any CPU.ActiveCfg = Debug|Any CPU
		{C66DBE48-9ECF-4F68-A25A-8AFF6DE7A74C}.Debug|Any CPU.Build.0 = Debug|Any CPU
		{C66DBE48-9ECF-4F68-A25A-8AFF6DE7A74C}.Release|Any CPU.ActiveCfg = Release|Any CPU
		{C66DBE48-9ECF-4F68-A25A-8AFF6DE7A74C}.Release|Any CPU.Build.0 = Release|Any CPU
		{6D279E31-0A11-4DAE-A5DC-25489C17A614}.Debug|Any CPU.ActiveCfg = Debug|Any CPU
		{6D279E31-0A11-4DAE-A5DC-25489C17A614}.Debug|Any CPU.Build.0 = Debug|Any CPU
		{6D279E31-0A11-4DAE-A5DC-25489C17A614}.Release|Any CPU.ActiveCfg = Release|Any CPU
		{6D279E31-0A11-4DAE-A5DC-25489C17A614}.Release|Any CPU.Build.0 = Release|Any CPU
		{88DFB2A1-5579-4439-9EC8-7674916F0D1E}.Debug|Any CPU.ActiveCfg = Debug|Any CPU
		{88DFB2A1-5579-4439-9EC8-7674916F0D1E}.Debug|Any CPU.Build.0 = Debug|Any CPU
		{88DFB2A1-5579-4439-9EC8-7674916F0D1E}.Release|Any CPU.ActiveCfg = Release|Any CPU
		{88DFB2A1-5579-4439-9EC8-7674916F0D1E}.Release|Any CPU.Build.0 = Release|Any CPU
		{382EDEF5-4B9D-4C8B-AAC0-9EE37379FEBB}.Debug|Any CPU.ActiveCfg = Debug|Any CPU
		{382EDEF5-4B9D-4C8B-AAC0-9EE37379FEBB}.Debug|Any CPU.Build.0 = Debug|Any CPU
		{382EDEF5-4B9D-4C8B-AAC0-9EE37379FEBB}.Release|Any CPU.ActiveCfg = Release|Any CPU
		{382EDEF5-4B9D-4C8B-AAC0-9EE37379FEBB}.Release|Any CPU.Build.0 = Release|Any CPU
		{6EFE8C90-9075-443B-9B87-D09C07E8B899}.Debug|Any CPU.ActiveCfg = Debug|Any CPU
		{6EFE8C90-9075-443B-9B87-D09C07E8B899}.Debug|Any CPU.Build.0 = Debug|Any CPU
		{6EFE8C90-9075-443B-9B87-D09C07E8B899}.Release|Any CPU.ActiveCfg = Release|Any CPU
		{6EFE8C90-9075-443B-9B87-D09C07E8B899}.Release|Any CPU.Build.0 = Release|Any CPU
		{52E9189B-6E14-4943-8DB8-DB25748D4B31}.Debug|Any CPU.ActiveCfg = Debug|Any CPU
		{52E9189B-6E14-4943-8DB8-DB25748D4B31}.Debug|Any CPU.Build.0 = Debug|Any CPU
		{52E9189B-6E14-4943-8DB8-DB25748D4B31}.Release|Any CPU.ActiveCfg = Release|Any CPU
		{52E9189B-6E14-4943-8DB8-DB25748D4B31}.Release|Any CPU.Build.0 = Release|Any CPU
		{C97A3643-18D7-4D42-81E4-DC611F67A136}.Debug|Any CPU.ActiveCfg = Debug|Any CPU
		{C97A3643-18D7-4D42-81E4-DC611F67A136}.Debug|Any CPU.Build.0 = Debug|Any CPU
		{C97A3643-18D7-4D42-81E4-DC611F67A136}.Release|Any CPU.ActiveCfg = Release|Any CPU
		{C97A3643-18D7-4D42-81E4-DC611F67A136}.Release|Any CPU.Build.0 = Release|Any CPU
		{90CEDC07-7E7C-4BF7-A0AF-00D33424C48B}.Debug|Any CPU.ActiveCfg = Debug|Any CPU
		{90CEDC07-7E7C-4BF7-A0AF-00D33424C48B}.Debug|Any CPU.Build.0 = Debug|Any CPU
		{90CEDC07-7E7C-4BF7-A0AF-00D33424C48B}.Release|Any CPU.ActiveCfg = Release|Any CPU
		{90CEDC07-7E7C-4BF7-A0AF-00D33424C48B}.Release|Any CPU.Build.0 = Release|Any CPU
		{59FAA56A-5FA8-434B-AC17-6D4DC42E4277}.Debug|Any CPU.ActiveCfg = Debug|Any CPU
		{59FAA56A-5FA8-434B-AC17-6D4DC42E4277}.Debug|Any CPU.Build.0 = Debug|Any CPU
		{59FAA56A-5FA8-434B-AC17-6D4DC42E4277}.Release|Any CPU.ActiveCfg = Release|Any CPU
		{59FAA56A-5FA8-434B-AC17-6D4DC42E4277}.Release|Any CPU.Build.0 = Release|Any CPU
		{788618C6-4506-4F3C-955D-7947E9ED8CD3}.Debug|Any CPU.ActiveCfg = Debug|Any CPU
		{788618C6-4506-4F3C-955D-7947E9ED8CD3}.Debug|Any CPU.Build.0 = Debug|Any CPU
		{788618C6-4506-4F3C-955D-7947E9ED8CD3}.Release|Any CPU.ActiveCfg = Release|Any CPU
		{788618C6-4506-4F3C-955D-7947E9ED8CD3}.Release|Any CPU.Build.0 = Release|Any CPU
		{C679C70D-C3FD-4A6C-BF49-E21FBFAF280F}.Debug|Any CPU.ActiveCfg = Debug|Any CPU
		{C679C70D-C3FD-4A6C-BF49-E21FBFAF280F}.Debug|Any CPU.Build.0 = Debug|Any CPU
		{C679C70D-C3FD-4A6C-BF49-E21FBFAF280F}.Release|Any CPU.ActiveCfg = Release|Any CPU
		{C679C70D-C3FD-4A6C-BF49-E21FBFAF280F}.Release|Any CPU.Build.0 = Release|Any CPU
		{EAD152AE-A99D-4C98-97BC-0D2847518207}.Debug|Any CPU.ActiveCfg = Debug|Any CPU
		{EAD152AE-A99D-4C98-97BC-0D2847518207}.Debug|Any CPU.Build.0 = Debug|Any CPU
		{EAD152AE-A99D-4C98-97BC-0D2847518207}.Release|Any CPU.ActiveCfg = Release|Any CPU
		{EAD152AE-A99D-4C98-97BC-0D2847518207}.Release|Any CPU.Build.0 = Release|Any CPU
		{2506327D-A488-4D88-8728-0706325A2683}.Debug|Any CPU.ActiveCfg = Debug|Any CPU
		{2506327D-A488-4D88-8728-0706325A2683}.Debug|Any CPU.Build.0 = Debug|Any CPU
		{2506327D-A488-4D88-8728-0706325A2683}.Release|Any CPU.ActiveCfg = Release|Any CPU
		{2506327D-A488-4D88-8728-0706325A2683}.Release|Any CPU.Build.0 = Release|Any CPU
		{66FB953C-3DFA-4C9B-BB3A-A9C3BC14A5D0}.Debug|Any CPU.ActiveCfg = Debug|Any CPU
		{66FB953C-3DFA-4C9B-BB3A-A9C3BC14A5D0}.Debug|Any CPU.Build.0 = Debug|Any CPU
		{66FB953C-3DFA-4C9B-BB3A-A9C3BC14A5D0}.Release|Any CPU.ActiveCfg = Release|Any CPU
		{66FB953C-3DFA-4C9B-BB3A-A9C3BC14A5D0}.Release|Any CPU.Build.0 = Release|Any CPU
		{3891AFCB-5EDF-4605-90D5-E70E6A0DEFB3}.Debug|Any CPU.ActiveCfg = Debug|Any CPU
		{3891AFCB-5EDF-4605-90D5-E70E6A0DEFB3}.Debug|Any CPU.Build.0 = Debug|Any CPU
		{3891AFCB-5EDF-4605-90D5-E70E6A0DEFB3}.Release|Any CPU.ActiveCfg = Release|Any CPU
		{3891AFCB-5EDF-4605-90D5-E70E6A0DEFB3}.Release|Any CPU.Build.0 = Release|Any CPU
		{388F495C-D015-4258-B1DC-AE8F31EDDF8E}.Debug|Any CPU.ActiveCfg = Debug|Any CPU
		{388F495C-D015-4258-B1DC-AE8F31EDDF8E}.Debug|Any CPU.Build.0 = Debug|Any CPU
		{388F495C-D015-4258-B1DC-AE8F31EDDF8E}.Release|Any CPU.ActiveCfg = Release|Any CPU
		{388F495C-D015-4258-B1DC-AE8F31EDDF8E}.Release|Any CPU.Build.0 = Release|Any CPU
	EndGlobalSection
	GlobalSection(SolutionProperties) = preSolution
		HideSolutionNode = FALSE
	EndGlobalSection
	GlobalSection(NestedProjects) = preSolution
		{9503C5BE-FC5E-49E7-A60E-AA38254A235E} = {FE91B3C2-1D04-426F-8C04-2AA28D680C2D}
		{C66DBE48-9ECF-4F68-A25A-8AFF6DE7A74C} = {9503C5BE-FC5E-49E7-A60E-AA38254A235E}
		{6D279E31-0A11-4DAE-A5DC-25489C17A614} = {9503C5BE-FC5E-49E7-A60E-AA38254A235E}
		{88DFB2A1-5579-4439-9EC8-7674916F0D1E} = {9503C5BE-FC5E-49E7-A60E-AA38254A235E}
		{382EDEF5-4B9D-4C8B-AAC0-9EE37379FEBB} = {9503C5BE-FC5E-49E7-A60E-AA38254A235E}
		{6EFE8C90-9075-443B-9B87-D09C07E8B899} = {9503C5BE-FC5E-49E7-A60E-AA38254A235E}
		{52E9189B-6E14-4943-8DB8-DB25748D4B31} = {9503C5BE-FC5E-49E7-A60E-AA38254A235E}
		{C97A3643-18D7-4D42-81E4-DC611F67A136} = {9503C5BE-FC5E-49E7-A60E-AA38254A235E}
		{4922A418-0736-458F-9B0A-056CFA8DFA40} = {FE91B3C2-1D04-426F-8C04-2AA28D680C2D}
		{90CEDC07-7E7C-4BF7-A0AF-00D33424C48B} = {4922A418-0736-458F-9B0A-056CFA8DFA40}
		{59FAA56A-5FA8-434B-AC17-6D4DC42E4277} = {4922A418-0736-458F-9B0A-056CFA8DFA40}
		{788618C6-4506-4F3C-955D-7947E9ED8CD3} = {4922A418-0736-458F-9B0A-056CFA8DFA40}
		{C679C70D-C3FD-4A6C-BF49-E21FBFAF280F} = {4922A418-0736-458F-9B0A-056CFA8DFA40}
		{209DBDE1-1871-41EA-91AF-128CFE57F658} = {FE91B3C2-1D04-426F-8C04-2AA28D680C2D}
		{EAD152AE-A99D-4C98-97BC-0D2847518207} = {209DBDE1-1871-41EA-91AF-128CFE57F658}
		{2506327D-A488-4D88-8728-0706325A2683} = {209DBDE1-1871-41EA-91AF-128CFE57F658}
		{66FB953C-3DFA-4C9B-BB3A-A9C3BC14A5D0} = {209DBDE1-1871-41EA-91AF-128CFE57F658}
		{3891AFCB-5EDF-4605-90D5-E70E6A0DEFB3} = {209DBDE1-1871-41EA-91AF-128CFE57F658}
		{05C84CE6-0A28-4FBD-9265-4621724DE46E} = {9503C5BE-FC5E-49E7-A60E-AA38254A235E}
		{388F495C-D015-4258-B1DC-AE8F31EDDF8E} = {05C84CE6-0A28-4FBD-9265-4621724DE46E}
	EndGlobalSection
	GlobalSection(ExtensibilityGlobals) = postSolution
		SolutionGuid = {7531DDC5-8225-48F7-824F-B8F7C9E650D9}
	EndGlobalSection
EndGlobal
